
Microsoft Visual Studio Solution File, Format Version 12.00
# Visual Studio Version 17
VisualStudioVersion = 17.7.33808.371
MinimumVisualStudioVersion = 10.0.40219.1
Project("{FAE04EC0-301F-11D3-BF4B-00C04F79EFBC}") = "2212420_Demo_Timer", "2212420_Demo_Timer\2212420_Demo_Timer.csproj", "{894CA7EA-3E16-4D0D-81DF-68E92AD92027}"
EndProject
Global
	GlobalSection(SolutionConfigurationPlatforms) = preSolution
		Debug|Any CPU = Debug|Any CPU
		Release|Any CPU = Release|Any CPU
	EndGlobalSection
	GlobalSection(ProjectConfigurationPlatforms) = postSolution
		{894CA7EA-3E16-4D0D-81DF-68E92AD92027}.Debug|Any CPU.ActiveCfg = Debug|Any CPU
		{894CA7EA-3E16-4D0D-81DF-68E92AD92027}.Debug|Any CPU.Build.0 = Debug|Any CPU
		{894CA7EA-3E16-4D0D-81DF-68E92AD92027}.Release|Any CPU.ActiveCfg = Release|Any CPU
		{894CA7EA-3E16-4D0D-81DF-68E92AD92027}.Release|Any CPU.Build.0 = Release|Any CPU
	EndGlobalSection
	GlobalSection(SolutionProperties) = preSolution
		HideSolutionNode = FALSE
	EndGlobalSection
	GlobalSection(ExtensibilityGlobals) = postSolution
		SolutionGuid = {AC0B61DC-904E-43E8-9E2D-EC2D69662863}
	EndGlobalSection
EndGlobal
