
Microsoft Visual Studio Solution File, Format Version 12.00
# Visual Studio Version 17
VisualStudioVersion = 17.8.34408.163
MinimumVisualStudioVersion = 10.0.40219.1
Project("{FAE04EC0-301F-11D3-BF4B-00C04F79EFBC}") = "2212420_TKForm1-4", "2212420_TKForm1-4\2212420_TKForm1-4.csproj", "{960A6E2A-B81C-4522-A21B-F40D743D0196}"
EndProject
Global
	GlobalSection(SolutionConfigurationPlatforms) = preSolution
		Debug|Any CPU = Debug|Any CPU
		Release|Any CPU = Release|Any CPU
	EndGlobalSection
	GlobalSection(ProjectConfigurationPlatforms) = postSolution
		{960A6E2A-B81C-4522-A21B-F40D743D0196}.Debug|Any CPU.ActiveCfg = Debug|Any CPU
		{960A6E2A-B81C-4522-A21B-F40D743D0196}.Debug|Any CPU.Build.0 = Debug|Any CPU
		{960A6E2A-B81C-4522-A21B-F40D743D0196}.Release|Any CPU.ActiveCfg = Release|Any CPU
		{960A6E2A-B81C-4522-A21B-F40D743D0196}.Release|Any CPU.Build.0 = Release|Any CPU
	EndGlobalSection
	GlobalSection(SolutionProperties) = preSolution
		HideSolutionNode = FALSE
	EndGlobalSection
	GlobalSection(ExtensibilityGlobals) = postSolution
		SolutionGuid = {C7B67400-C5AF-417F-9242-32C0427ACCBC}
	EndGlobalSection
EndGlobal
